// !$*UTF8*$!
{
	archiveVersion = 1;
	classes = {
	};
	objectVersion = 56;
	objects = {

/* Begin PBXBuildFile section */
		2C80A525C06DDAB0419B0AD1 /* Pods_GeoDropIOS.framework in Frameworks */ = {isa = PBXBuildFile; fileRef = 99FB8E99D0F98B0D7555E1CF /* Pods_GeoDropIOS.framework */; };
		7505D8D12EA83D740039BFE9 /* GoogleService-Info.plist in Resources */ = {isa = PBXBuildFile; fileRef = 7505D8D02EA83D740039BFE9 /* GoogleService-Info.plist */; };
		75175E082EAB370C00CAB223 /* NoteInventoryService.swift in Sources */ = {isa = PBXBuildFile; fileRef = 75175E072EAB370400CAB223 /* NoteInventoryService.swift */; };
		75175E0A2EAB46E700CAB223 /* GeoDropColors.swift in Sources */ = {isa = PBXBuildFile; fileRef = 75175E092EAB46DF00CAB223 /* GeoDropColors.swift */; };
		75175E0C2EAB68EF00CAB223 /* ExplorerDestination.swift in Sources */ = {isa = PBXBuildFile; fileRef = 75175E0B2EAB68E400CAB223 /* ExplorerDestination.swift */; };
		75175E0E2EAB726D00CAB223 /* NotificationPreferences.swift in Sources */ = {isa = PBXBuildFile; fileRef = 75175E0D2EAB726100CAB223 /* NotificationPreferences.swift */; };
		75175E102EAB736000CAB223 /* MainBottomBar.swift in Sources */ = {isa = PBXBuildFile; fileRef = 75175E0F2EAB735B00CAB223 /* MainBottomBar.swift */; };
		7526DC7F2EACCA4000B971AF /* FormSectionHeader.swift in Sources */ = {isa = PBXBuildFile; fileRef = 7526DC7E2EACCA3600B971AF /* FormSectionHeader.swift */; };
		7530B2102EAF55F9008A2082 /* StorageAsyncImage.swift in Sources */ = {isa = PBXBuildFile; fileRef = 7530B20F2EAF55EC008A2082 /* StorageAsyncImage.swift */; };
		754971482EA9CA840079D5BF /* GoogleMapView.swift in Sources */ = {isa = PBXBuildFile; fileRef = 754971472EA9CA7D0079D5BF /* GoogleMapView.swift */; };
		7549714A2EA9F84E0079D5BF /* OnboardingViews.swift in Sources */ = {isa = PBXBuildFile; fileRef = 754971492EA9F8410079D5BF /* OnboardingViews.swift */; };
		7549714C2EAA064F0079D5BF /* BusinessDropTemplate.swift in Sources */ = {isa = PBXBuildFile; fileRef = 7549714B2EAA06420079D5BF /* BusinessDropTemplate.swift */; };
		755B7F2B2EAE06C2009ED802 /* InlineMediaDecoder.swift in Sources */ = {isa = PBXBuildFile; fileRef = 755B7F2A2EAE06B6009ED802 /* InlineMediaDecoder.swift */; };
		75A8F4B82EAC75AD00E3C6EA /* GeoDropCompactStyle.swift in Sources */ = {isa = PBXBuildFile; fileRef = 75A8F4B72EAC75A500E3C6EA /* GeoDropCompactStyle.swift */; };
		75C66D762EA8C4E200BBC3FE /* GeoDropNavigationTitleModifier.swift in Sources */ = {isa = PBXBuildFile; fileRef = 75C66D752EA8C4C600BBC3FE /* GeoDropNavigationTitleModifier.swift */; };
		AA0000100000000000000001 /* GeoDropIOSApp.swift in Sources */ = {isa = PBXBuildFile; fileRef = AA0000200000000000000001 /* GeoDropIOSApp.swift */; };
		AA0000100000000000000002 /* AppConfiguration.swift in Sources */ = {isa = PBXBuildFile; fileRef = AA0000200000000000000002 /* AppConfiguration.swift */; };
		AA0000100000000000000003 /* Drop.swift in Sources */ = {isa = PBXBuildFile; fileRef = AA0000200000000000000003 /* Drop.swift */; };
		AA0000100000000000000004 /* GroupMembership.swift in Sources */ = {isa = PBXBuildFile; fileRef = AA0000200000000000000004 /* GroupMembership.swift */; };
		AA0000100000000000000005 /* UserProfile.swift in Sources */ = {isa = PBXBuildFile; fileRef = AA0000200000000000000005 /* UserProfile.swift */; };
		AA0000100000000000000006 /* AuthService.swift in Sources */ = {isa = PBXBuildFile; fileRef = AA0000200000000000000006 /* AuthService.swift */; };
		AA0000100000000000000007 /* FirestoreService.swift in Sources */ = {isa = PBXBuildFile; fileRef = AA0000200000000000000007 /* FirestoreService.swift */; };
		AA0000100000000000000008 /* LocationService.swift in Sources */ = {isa = PBXBuildFile; fileRef = AA0000200000000000000008 /* LocationService.swift */; };
		AA0000100000000000000009 /* MessagingService.swift in Sources */ = {isa = PBXBuildFile; fileRef = AA0000200000000000000009 /* MessagingService.swift */; };
		AA000010000000000000000A /* SafeSearchService.swift in Sources */ = {isa = PBXBuildFile; fileRef = AA000020000000000000000A /* SafeSearchService.swift */; };
		AA000010000000000000000B /* StorageService.swift in Sources */ = {isa = PBXBuildFile; fileRef = AA000020000000000000000B /* StorageService.swift */; };
		AA000010000000000000000C /* DropSafetyAssessment.swift in Sources */ = {isa = PBXBuildFile; fileRef = AA000020000000000000000C /* DropSafetyAssessment.swift */; };
		AA000010000000000000000D /* ExplorerUsername.swift in Sources */ = {isa = PBXBuildFile; fileRef = AA000020000000000000000D /* ExplorerUsername.swift */; };
		AA000010000000000000000E /* AppViewModel.swift in Sources */ = {isa = PBXBuildFile; fileRef = AA000020000000000000000E /* AppViewModel.swift */; };
		AA000010000000000000000F /* AuthView.swift in Sources */ = {isa = PBXBuildFile; fileRef = AA000020000000000000000F /* AuthView.swift */; };
		AA0000100000000000000010 /* CreateDropView.swift in Sources */ = {isa = PBXBuildFile; fileRef = AA0000200000000000000010 /* CreateDropView.swift */; };
		AA0000100000000000000011 /* DropDetailView.swift in Sources */ = {isa = PBXBuildFile; fileRef = AA0000200000000000000011 /* DropDetailView.swift */; };
		AA0000100000000000000012 /* DropFeedView.swift in Sources */ = {isa = PBXBuildFile; fileRef = AA0000200000000000000012 /* DropFeedView.swift */; };
		AA0000100000000000000013 /* GroupManagementView.swift in Sources */ = {isa = PBXBuildFile; fileRef = AA0000200000000000000013 /* GroupManagementView.swift */; };
		AA0000100000000000000014 /* MainTabView.swift in Sources */ = {isa = PBXBuildFile; fileRef = AA0000200000000000000014 /* MainTabView.swift */; };
		AA0000100000000000000015 /* ProfileView.swift in Sources */ = {isa = PBXBuildFile; fileRef = AA0000200000000000000015 /* ProfileView.swift */; };
		AA0000100000000000000016 /* RootView.swift in Sources */ = {isa = PBXBuildFile; fileRef = AA0000200000000000000016 /* RootView.swift */; };
		AA0000100000000000000017 /* Resources/Assets.xcassets in Resources */ = {isa = PBXBuildFile; fileRef = AA0000200000000000000018 /* Resources/Assets.xcassets */; };
/* End PBXBuildFile section */

/* Begin PBXFileReference section */
		7505D8D02EA83D740039BFE9 /* GoogleService-Info.plist */ = {isa = PBXFileReference; lastKnownFileType = text.plist.xml; path = "GoogleService-Info.plist"; sourceTree = "<group>"; };
		75175E072EAB370400CAB223 /* NoteInventoryService.swift */ = {isa = PBXFileReference; lastKnownFileType = sourcecode.swift; path = NoteInventoryService.swift; sourceTree = "<group>"; };
		75175E092EAB46DF00CAB223 /* GeoDropColors.swift */ = {isa = PBXFileReference; lastKnownFileType = sourcecode.swift; path = GeoDropColors.swift; sourceTree = "<group>"; };
		75175E0B2EAB68E400CAB223 /* ExplorerDestination.swift */ = {isa = PBXFileReference; lastKnownFileType = sourcecode.swift; path = ExplorerDestination.swift; sourceTree = "<group>"; };
		75175E0D2EAB726100CAB223 /* NotificationPreferences.swift */ = {isa = PBXFileReference; lastKnownFileType = sourcecode.swift; path = NotificationPreferences.swift; sourceTree = "<group>"; };
		75175E0F2EAB735B00CAB223 /* MainBottomBar.swift */ = {isa = PBXFileReference; lastKnownFileType = sourcecode.swift; path = MainBottomBar.swift; sourceTree = "<group>"; };
		7526DC7E2EACCA3600B971AF /* FormSectionHeader.swift */ = {isa = PBXFileReference; lastKnownFileType = sourcecode.swift; path = FormSectionHeader.swift; sourceTree = "<group>"; };
		7530B20F2EAF55EC008A2082 /* StorageAsyncImage.swift */ = {isa = PBXFileReference; lastKnownFileType = sourcecode.swift; path = StorageAsyncImage.swift; sourceTree = "<group>"; };
		754971472EA9CA7D0079D5BF /* GoogleMapView.swift */ = {isa = PBXFileReference; lastKnownFileType = sourcecode.swift; path = GoogleMapView.swift; sourceTree = "<group>"; };
		754971492EA9F8410079D5BF /* OnboardingViews.swift */ = {isa = PBXFileReference; lastKnownFileType = sourcecode.swift; path = OnboardingViews.swift; sourceTree = "<group>"; };
		7549714B2EAA06420079D5BF /* BusinessDropTemplate.swift */ = {isa = PBXFileReference; lastKnownFileType = sourcecode.swift; path = BusinessDropTemplate.swift; sourceTree = "<group>"; };
		755B7F2A2EAE06B6009ED802 /* InlineMediaDecoder.swift */ = {isa = PBXFileReference; lastKnownFileType = sourcecode.swift; path = InlineMediaDecoder.swift; sourceTree = "<group>"; };
		75A8F4B72EAC75A500E3C6EA /* GeoDropCompactStyle.swift */ = {isa = PBXFileReference; lastKnownFileType = sourcecode.swift; path = GeoDropCompactStyle.swift; sourceTree = "<group>"; };
		75C66D752EA8C4C600BBC3FE /* GeoDropNavigationTitleModifier.swift */ = {isa = PBXFileReference; lastKnownFileType = sourcecode.swift; path = GeoDropNavigationTitleModifier.swift; sourceTree = "<group>"; };
		99FB8E99D0F98B0D7555E1CF /* Pods_GeoDropIOS.framework */ = {isa = PBXFileReference; explicitFileType = wrapper.framework; includeInIndex = 0; path = Pods_GeoDropIOS.framework; sourceTree = BUILT_PRODUCTS_DIR; };
		AA0000000000000000000001 /* GeoDropIOS.app */ = {isa = PBXFileReference; explicitFileType = wrapper.application; includeInIndex = 0; path = GeoDropIOS.app; sourceTree = BUILT_PRODUCTS_DIR; };
		AA0000200000000000000001 /* GeoDropIOSApp.swift */ = {isa = PBXFileReference; lastKnownFileType = sourcecode.swift; path = GeoDropIOSApp.swift; sourceTree = "<group>"; };
		AA0000200000000000000002 /* AppConfiguration.swift */ = {isa = PBXFileReference; lastKnownFileType = sourcecode.swift; path = AppConfiguration.swift; sourceTree = "<group>"; };
		AA0000200000000000000003 /* Drop.swift */ = {isa = PBXFileReference; lastKnownFileType = sourcecode.swift; path = Drop.swift; sourceTree = "<group>"; };
		AA0000200000000000000004 /* GroupMembership.swift */ = {isa = PBXFileReference; lastKnownFileType = sourcecode.swift; path = GroupMembership.swift; sourceTree = "<group>"; };
		AA0000200000000000000005 /* UserProfile.swift */ = {isa = PBXFileReference; lastKnownFileType = sourcecode.swift; path = UserProfile.swift; sourceTree = "<group>"; };
		AA0000200000000000000006 /* AuthService.swift */ = {isa = PBXFileReference; lastKnownFileType = sourcecode.swift; path = AuthService.swift; sourceTree = "<group>"; };
		AA0000200000000000000007 /* FirestoreService.swift */ = {isa = PBXFileReference; lastKnownFileType = sourcecode.swift; path = FirestoreService.swift; sourceTree = "<group>"; };
		AA0000200000000000000008 /* LocationService.swift */ = {isa = PBXFileReference; lastKnownFileType = sourcecode.swift; path = LocationService.swift; sourceTree = "<group>"; };
		AA0000200000000000000009 /* MessagingService.swift */ = {isa = PBXFileReference; lastKnownFileType = sourcecode.swift; path = MessagingService.swift; sourceTree = "<group>"; };
		AA000020000000000000000A /* SafeSearchService.swift */ = {isa = PBXFileReference; lastKnownFileType = sourcecode.swift; path = SafeSearchService.swift; sourceTree = "<group>"; };
		AA000020000000000000000B /* StorageService.swift */ = {isa = PBXFileReference; lastKnownFileType = sourcecode.swift; path = StorageService.swift; sourceTree = "<group>"; };
		AA000020000000000000000C /* DropSafetyAssessment.swift */ = {isa = PBXFileReference; lastKnownFileType = sourcecode.swift; path = DropSafetyAssessment.swift; sourceTree = "<group>"; };
		AA000020000000000000000D /* ExplorerUsername.swift */ = {isa = PBXFileReference; lastKnownFileType = sourcecode.swift; path = ExplorerUsername.swift; sourceTree = "<group>"; };
		AA000020000000000000000E /* AppViewModel.swift */ = {isa = PBXFileReference; lastKnownFileType = sourcecode.swift; path = AppViewModel.swift; sourceTree = "<group>"; };
		AA000020000000000000000F /* AuthView.swift */ = {isa = PBXFileReference; lastKnownFileType = sourcecode.swift; path = AuthView.swift; sourceTree = "<group>"; };
		AA0000200000000000000010 /* CreateDropView.swift */ = {isa = PBXFileReference; lastKnownFileType = sourcecode.swift; path = CreateDropView.swift; sourceTree = "<group>"; };
		AA0000200000000000000011 /* DropDetailView.swift */ = {isa = PBXFileReference; lastKnownFileType = sourcecode.swift; path = DropDetailView.swift; sourceTree = "<group>"; };
		AA0000200000000000000012 /* DropFeedView.swift */ = {isa = PBXFileReference; lastKnownFileType = sourcecode.swift; path = DropFeedView.swift; sourceTree = "<group>"; };
		AA0000200000000000000013 /* GroupManagementView.swift */ = {isa = PBXFileReference; lastKnownFileType = sourcecode.swift; path = GroupManagementView.swift; sourceTree = "<group>"; };
		AA0000200000000000000014 /* MainTabView.swift */ = {isa = PBXFileReference; lastKnownFileType = sourcecode.swift; path = MainTabView.swift; sourceTree = "<group>"; };
		AA0000200000000000000015 /* ProfileView.swift */ = {isa = PBXFileReference; lastKnownFileType = sourcecode.swift; path = ProfileView.swift; sourceTree = "<group>"; };
		AA0000200000000000000016 /* RootView.swift */ = {isa = PBXFileReference; lastKnownFileType = sourcecode.swift; path = RootView.swift; sourceTree = "<group>"; };
		AA0000200000000000000017 /* Info.plist */ = {isa = PBXFileReference; lastKnownFileType = text.plist.xml; path = Info.plist; sourceTree = "<group>"; };
		AA0000200000000000000018 /* Resources/Assets.xcassets */ = {isa = PBXFileReference; lastKnownFileType = folder.assetcatalog; path = Resources/Assets.xcassets; sourceTree = "<group>"; };
		B0D1EE3ABB4BAECCCEC24F88 /* Pods-GeoDropIOS.release.xcconfig */ = {isa = PBXFileReference; includeInIndex = 1; lastKnownFileType = text.xcconfig; name = "Pods-GeoDropIOS.release.xcconfig"; path = "Target Support Files/Pods-GeoDropIOS/Pods-GeoDropIOS.release.xcconfig"; sourceTree = "<group>"; };
		BE9A9DFE18B2E2BA8B0BADD6 /* Pods-GeoDropIOS.debug.xcconfig */ = {isa = PBXFileReference; includeInIndex = 1; lastKnownFileType = text.xcconfig; name = "Pods-GeoDropIOS.debug.xcconfig"; path = "Target Support Files/Pods-GeoDropIOS/Pods-GeoDropIOS.debug.xcconfig"; sourceTree = "<group>"; };
/* End PBXFileReference section */

/* Begin PBXFrameworksBuildPhase section */
		AA0000300000000000000001 /* Frameworks */ = {
			isa = PBXFrameworksBuildPhase;
			buildActionMask = 2147483647;
			files = (
				2C80A525C06DDAB0419B0AD1 /* Pods_GeoDropIOS.framework in Frameworks */,
			);
			runOnlyForDeploymentPostprocessing = 0;
		};
/* End PBXFrameworksBuildPhase section */

/* Begin PBXGroup section */
		1807D9CAE69C6FD5B54027C1 /* Pods */ = {
			isa = PBXGroup;
			children = (
				BE9A9DFE18B2E2BA8B0BADD6 /* Pods-GeoDropIOS.debug.xcconfig */,
				B0D1EE3ABB4BAECCCEC24F88 /* Pods-GeoDropIOS.release.xcconfig */,
			);
			path = Pods;
			sourceTree = "<group>";
		};
		AA0000000000000000000002 /* Products */ = {
			isa = PBXGroup;
			children = (
				AA0000000000000000000001 /* GeoDropIOS.app */,
			);
			name = Products;
			sourceTree = "<group>";
		};
		AA0000400000000000000001 = {
			isa = PBXGroup;
			children = (
				AA0000400000000000000002 /* GeoDropIOS */,
				AA0000000000000000000002 /* Products */,
				1807D9CAE69C6FD5B54027C1 /* Pods */,
				F3731CDC432CFDFF394D55F8 /* Frameworks */,
			);
			sourceTree = "<group>";
		};
		AA0000400000000000000002 /* GeoDropIOS */ = {
			isa = PBXGroup;
			children = (
				AA0000400000000000000003 /* Sources */,
				AA0000200000000000000018 /* Resources/Assets.xcassets */,
				AA0000200000000000000017 /* Info.plist */,
				7505D8D02EA83D740039BFE9 /* GoogleService-Info.plist */,
			);
			path = GeoDropIOS;
			sourceTree = "<group>";
		};
		AA0000400000000000000003 /* Sources */ = {
			isa = PBXGroup;
			children = (
				AA0000400000000000000004 /* App */,
				AA0000400000000000000005 /* Config */,
				AA0000400000000000000006 /* Models */,
				AA0000400000000000000007 /* Services */,
				AA0000400000000000000008 /* Utilities */,
				AA0000400000000000000009 /* ViewModels */,
				AA000040000000000000000A /* Views */,
			);
			name = Sources;
			sourceTree = "<group>";
		};
		AA0000400000000000000004 /* App */ = {
			isa = PBXGroup;
			children = (
				AA0000200000000000000001 /* GeoDropIOSApp.swift */,
			);
			path = App;
			sourceTree = "<group>";
		};
		AA0000400000000000000005 /* Config */ = {
			isa = PBXGroup;
			children = (
				75175E092EAB46DF00CAB223 /* GeoDropColors.swift */,
				AA0000200000000000000002 /* AppConfiguration.swift */,
			);
			path = Config;
			sourceTree = "<group>";
		};
		AA0000400000000000000006 /* Models */ = {
			isa = PBXGroup;
			children = (
				75175E0B2EAB68E400CAB223 /* ExplorerDestination.swift */,
				7549714B2EAA06420079D5BF /* BusinessDropTemplate.swift */,
				AA0000200000000000000003 /* Drop.swift */,
				AA0000200000000000000004 /* GroupMembership.swift */,
				AA0000200000000000000005 /* UserProfile.swift */,
			);
			path = Models;
			sourceTree = "<group>";
		};
		AA0000400000000000000007 /* Services */ = {
			isa = PBXGroup;
			children = (
				75175E072EAB370400CAB223 /* NoteInventoryService.swift */,
				AA0000200000000000000006 /* AuthService.swift */,
				AA0000200000000000000007 /* FirestoreService.swift */,
				AA0000200000000000000008 /* LocationService.swift */,
				AA0000200000000000000009 /* MessagingService.swift */,
				AA000020000000000000000A /* SafeSearchService.swift */,
				AA000020000000000000000B /* StorageService.swift */,
			);
			path = Services;
			sourceTree = "<group>";
		};
		AA0000400000000000000008 /* Utilities */ = {
			isa = PBXGroup;
			children = (
				755B7F2A2EAE06B6009ED802 /* InlineMediaDecoder.swift */,
				75A8F4B72EAC75A500E3C6EA /* GeoDropCompactStyle.swift */,
				75175E0D2EAB726100CAB223 /* NotificationPreferences.swift */,
				75C66D752EA8C4C600BBC3FE /* GeoDropNavigationTitleModifier.swift */,
				AA000020000000000000000C /* DropSafetyAssessment.swift */,
				AA000020000000000000000D /* ExplorerUsername.swift */,
			);
			path = Utilities;
			sourceTree = "<group>";
		};
		AA0000400000000000000009 /* ViewModels */ = {
			isa = PBXGroup;
			children = (
				AA000020000000000000000E /* AppViewModel.swift */,
			);
			path = ViewModels;
			sourceTree = "<group>";
		};
		AA000040000000000000000A /* Views */ = {
			isa = PBXGroup;
			children = (
				7530B20F2EAF55EC008A2082 /* StorageAsyncImage.swift */,
				7526DC7E2EACCA3600B971AF /* FormSectionHeader.swift */,
				75175E0F2EAB735B00CAB223 /* MainBottomBar.swift */,
				754971492EA9F8410079D5BF /* OnboardingViews.swift */,
				754971472EA9CA7D0079D5BF /* GoogleMapView.swift */,
				AA000020000000000000000F /* AuthView.swift */,
				AA0000200000000000000010 /* CreateDropView.swift */,
				AA0000200000000000000011 /* DropDetailView.swift */,
				AA0000200000000000000012 /* DropFeedView.swift */,
				AA0000200000000000000013 /* GroupManagementView.swift */,
				AA0000200000000000000014 /* MainTabView.swift */,
				AA0000200000000000000015 /* ProfileView.swift */,
				AA0000200000000000000016 /* RootView.swift */,
			);
			path = Views;
			sourceTree = "<group>";
		};
		F3731CDC432CFDFF394D55F8 /* Frameworks */ = {
			isa = PBXGroup;
			children = (
				99FB8E99D0F98B0D7555E1CF /* Pods_GeoDropIOS.framework */,
			);
			name = Frameworks;
			sourceTree = "<group>";
		};
/* End PBXGroup section */

/* Begin PBXNativeTarget section */
		AA0000500000000000000001 /* GeoDropIOS */ = {
			isa = PBXNativeTarget;
			buildConfigurationList = AA0000700000000000000001 /* Build configuration list for PBXNativeTarget "GeoDropIOS" */;
			buildPhases = (
				30DF3F0CED48A734DC42E14A /* [CP] Check Pods Manifest.lock */,
				AA0000300000000000000002 /* Sources */,
				AA0000300000000000000001 /* Frameworks */,
				AA0000300000000000000003 /* Resources */,
				C9814F6C1CD9DE2ECF91AE92 /* [CP] Embed Pods Frameworks */,
				6A7FD91BB17AD7471F7586D5 /* [CP] Copy Pods Resources */,
			);
			buildRules = (
			);
			dependencies = (
			);
			name = GeoDropIOS;
			productName = GeoDropIOS;
			productReference = AA0000000000000000000001 /* GeoDropIOS.app */;
			productType = "com.apple.product-type.application";
		};
/* End PBXNativeTarget section */

/* Begin PBXProject section */
		AA0000600000000000000001 /* Project object */ = {
			isa = PBXProject;
			attributes = {
				LastSwiftUpdateCheck = 1500;
				LastUpgradeCheck = 1500;
				TargetAttributes = {
					AA0000500000000000000001 = {
						CreatedOnToolsVersion = 15.0;
					};
				};
			};
			buildConfigurationList = AA0000800000000000000001 /* Build configuration list for PBXProject "GeoDropIOS" */;
			compatibilityVersion = "Xcode 14.0";
			developmentRegion = en;
			hasScannedForEncodings = 0;
			knownRegions = (
				en,
			);
			mainGroup = AA0000400000000000000001;
			productRefGroup = AA0000000000000000000002 /* Products */;
			projectDirPath = "";
			projectRoot = "";
			targets = (
				AA0000500000000000000001 /* GeoDropIOS */,
			);
		};
/* End PBXProject section */

/* Begin PBXResourcesBuildPhase section */
		AA0000300000000000000003 /* Resources */ = {
			isa = PBXResourcesBuildPhase;
			buildActionMask = 2147483647;
			files = (
				AA0000100000000000000017 /* Resources/Assets.xcassets in Resources */,
				7505D8D12EA83D740039BFE9 /* GoogleService-Info.plist in Resources */,
			);
			runOnlyForDeploymentPostprocessing = 0;
		};
/* End PBXResourcesBuildPhase section */

/* Begin PBXShellScriptBuildPhase section */
		30DF3F0CED48A734DC42E14A /* [CP] Check Pods Manifest.lock */ = {
			isa = PBXShellScriptBuildPhase;
			buildActionMask = 2147483647;
			files = (
			);
			inputFileListPaths = (
			);
			inputPaths = (
				"${PODS_PODFILE_DIR_PATH}/Podfile.lock",
				"${PODS_ROOT}/Manifest.lock",
			);
			name = "[CP] Check Pods Manifest.lock";
			outputFileListPaths = (
			);
			outputPaths = (
				"$(DERIVED_FILE_DIR)/Pods-GeoDropIOS-checkManifestLockResult.txt",
			);
			runOnlyForDeploymentPostprocessing = 0;
			shellPath = /bin/sh;
			shellScript = "diff \"${PODS_PODFILE_DIR_PATH}/Podfile.lock\" \"${PODS_ROOT}/Manifest.lock\" > /dev/null\nif [ $? != 0 ] ; then\n    # print error to STDERR\n    echo \"error: The sandbox is not in sync with the Podfile.lock. Run 'pod install' or update your CocoaPods installation.\" >&2\n    exit 1\nfi\n# This output is used by Xcode 'outputs' to avoid re-running this script phase.\necho \"SUCCESS\" > \"${SCRIPT_OUTPUT_FILE_0}\"\n";
			showEnvVarsInLog = 0;
		};
		6A7FD91BB17AD7471F7586D5 /* [CP] Copy Pods Resources */ = {
			isa = PBXShellScriptBuildPhase;
			buildActionMask = 2147483647;
			files = (
			);
			inputFileListPaths = (
				"${PODS_ROOT}/Target Support Files/Pods-GeoDropIOS/Pods-GeoDropIOS-resources-${CONFIGURATION}-input-files.xcfilelist",
			);
			inputPaths = (
			);
			name = "[CP] Copy Pods Resources";
			outputFileListPaths = (
				"${PODS_ROOT}/Target Support Files/Pods-GeoDropIOS/Pods-GeoDropIOS-resources-${CONFIGURATION}-output-files.xcfilelist",
			);
			outputPaths = (
			);
			runOnlyForDeploymentPostprocessing = 0;
			shellPath = /bin/sh;
			shellScript = "\"${PODS_ROOT}/Target Support Files/Pods-GeoDropIOS/Pods-GeoDropIOS-resources.sh\"\n";
			showEnvVarsInLog = 0;
		};
		C9814F6C1CD9DE2ECF91AE92 /* [CP] Embed Pods Frameworks */ = {
			isa = PBXShellScriptBuildPhase;
			buildActionMask = 2147483647;
			files = (
			);
			inputFileListPaths = (
				"${PODS_ROOT}/Target Support Files/Pods-GeoDropIOS/Pods-GeoDropIOS-frameworks-${CONFIGURATION}-input-files.xcfilelist",
			);
			inputPaths = (
			);
			name = "[CP] Embed Pods Frameworks";
			outputFileListPaths = (
				"${PODS_ROOT}/Target Support Files/Pods-GeoDropIOS/Pods-GeoDropIOS-frameworks-${CONFIGURATION}-output-files.xcfilelist",
			);
			outputPaths = (
			);
			runOnlyForDeploymentPostprocessing = 0;
			shellPath = /bin/sh;
			shellScript = "\"${PODS_ROOT}/Target Support Files/Pods-GeoDropIOS/Pods-GeoDropIOS-frameworks.sh\"\n";
			showEnvVarsInLog = 0;
		};
/* End PBXShellScriptBuildPhase section */

/* Begin PBXSourcesBuildPhase section */
		AA0000300000000000000002 /* Sources */ = {
			isa = PBXSourcesBuildPhase;
			buildActionMask = 2147483647;
			files = (
				AA0000100000000000000016 /* RootView.swift in Sources */,
				AA0000100000000000000015 /* ProfileView.swift in Sources */,
				AA0000100000000000000014 /* MainTabView.swift in Sources */,
				AA0000100000000000000013 /* GroupManagementView.swift in Sources */,
				AA0000100000000000000012 /* DropFeedView.swift in Sources */,
				AA0000100000000000000011 /* DropDetailView.swift in Sources */,
				AA0000100000000000000010 /* CreateDropView.swift in Sources */,
				AA000010000000000000000F /* AuthView.swift in Sources */,
				AA000010000000000000000E /* AppViewModel.swift in Sources */,
				75175E102EAB736000CAB223 /* MainBottomBar.swift in Sources */,
				AA000010000000000000000D /* ExplorerUsername.swift in Sources */,
				AA000010000000000000000C /* DropSafetyAssessment.swift in Sources */,
				7526DC7F2EACCA4000B971AF /* FormSectionHeader.swift in Sources */,
				7549714A2EA9F84E0079D5BF /* OnboardingViews.swift in Sources */,
				75175E0A2EAB46E700CAB223 /* GeoDropColors.swift in Sources */,
				AA000010000000000000000B /* StorageService.swift in Sources */,
				754971482EA9CA840079D5BF /* GoogleMapView.swift in Sources */,
				75175E0E2EAB726D00CAB223 /* NotificationPreferences.swift in Sources */,
				AA000010000000000000000A /* SafeSearchService.swift in Sources */,
				75C66D762EA8C4E200BBC3FE /* GeoDropNavigationTitleModifier.swift in Sources */,
				7549714C2EAA064F0079D5BF /* BusinessDropTemplate.swift in Sources */,
				AA0000100000000000000009 /* MessagingService.swift in Sources */,
				AA0000100000000000000008 /* LocationService.swift in Sources */,
				AA0000100000000000000007 /* FirestoreService.swift in Sources */,
				AA0000100000000000000006 /* AuthService.swift in Sources */,
				75175E0C2EAB68EF00CAB223 /* ExplorerDestination.swift in Sources */,
				75175E082EAB370C00CAB223 /* NoteInventoryService.swift in Sources */,
				AA0000100000000000000005 /* UserProfile.swift in Sources */,
				AA0000100000000000000004 /* GroupMembership.swift in Sources */,
				75A8F4B82EAC75AD00E3C6EA /* GeoDropCompactStyle.swift in Sources */,
				755B7F2B2EAE06C2009ED802 /* InlineMediaDecoder.swift in Sources */,
				7530B2102EAF55F9008A2082 /* StorageAsyncImage.swift in Sources */,
				AA0000100000000000000003 /* Drop.swift in Sources */,
				AA0000100000000000000002 /* AppConfiguration.swift in Sources */,
				AA0000100000000000000001 /* GeoDropIOSApp.swift in Sources */,
			);
			runOnlyForDeploymentPostprocessing = 0;
		};
/* End PBXSourcesBuildPhase section */

/* Begin XCBuildConfiguration section */
		AA0000900000000000000001 /* Debug */ = {
			isa = XCBuildConfiguration;
			buildSettings = {
				ALWAYS_SEARCH_USER_PATHS = NO;
				CLANG_ANALYZER_NONNULL = YES;
				CLANG_ANALYZER_NUMBER_OBJECT_CONVERSION = YES_AGGRESSIVE;
				CLANG_CXX_LANGUAGE_STANDARD = "gnu++20";
				CLANG_ENABLE_MODULES = YES;
				CLANG_ENABLE_OBJC_ARC = YES;
				CLANG_ENABLE_OBJC_WEAK = YES;
				CLANG_WARN_BLOCK_CAPTURE_AUTORELEASING = YES;
				CLANG_WARN_BOOL_CONVERSION = YES;
				CLANG_WARN_COMMA = YES;
				CLANG_WARN_CONSTANT_CONVERSION = YES;
				CLANG_WARN_DEPRECATED_OBJC_IMPLEMENTATIONS = YES;
				CLANG_WARN_DIRECT_OBJC_ISA_USAGE = YES_ERROR;
				CLANG_WARN_DOCUMENTATION_COMMENTS = YES;
				CLANG_WARN_EMPTY_BODY = YES;
				CLANG_WARN_ENUM_CONVERSION = YES;
				CLANG_WARN_INFINITE_RECURSION = YES;
				CLANG_WARN_INT_CONVERSION = YES;
				CLANG_WARN_NON_LITERAL_NULL_CONVERSION = YES;
				CLANG_WARN_OBJC_IMPLICIT_RETAIN_SELF = YES;
				CLANG_WARN_OBJC_LITERAL_CONVERSION = YES;
				CLANG_WARN_OBJC_ROOT_CLASS = YES_ERROR;
				CLANG_WARN_QUOTED_INCLUDE_IN_FRAMEWORK_HEADER = YES;
				CLANG_WARN_RANGE_LOOP_ANALYSIS = YES;
				CLANG_WARN_STRICT_PROTOTYPES = YES;
				CLANG_WARN_SUSPICIOUS_MOVE = YES;
				CLANG_WARN_UNGUARDED_AVAILABILITY = YES_AGGRESSIVE;
				CODE_SIGN_STYLE = Automatic;
				DEBUG_INFORMATION_FORMAT = dwarf;
				ENABLE_STRICT_OBJC_MSGSEND = YES;
				ENABLE_TESTABILITY = YES;
				GCC_C_LANGUAGE_STANDARD = gnu11;
				GCC_DYNAMIC_NO_PIC = NO;
				GCC_NO_COMMON_BLOCKS = YES;
				GCC_OPTIMIZATION_LEVEL = 0;
				GCC_PREPROCESSOR_DEFINITIONS = (
					"DEBUG=1",
					"$(inherited)",
				);
				GCC_WARN_64_TO_32_BIT_CONVERSION = YES;
				GCC_WARN_ABOUT_RETURN_TYPE = YES_ERROR;
				GCC_WARN_UNDECLARED_SELECTOR = YES;
				GCC_WARN_UNINITIALIZED_AUTOS = YES_AGGRESSIVE;
				GCC_WARN_UNUSED_FUNCTION = YES;
				GCC_WARN_UNUSED_VARIABLE = YES;
				IPHONEOS_DEPLOYMENT_TARGET = 15.0;
				MTL_ENABLE_DEBUG_INFO = INCLUDE_SOURCE;
				ONLY_ACTIVE_ARCH = YES;
				SWIFT_ACTIVE_COMPILATION_CONDITIONS = DEBUG;
				SWIFT_OPTIMIZATION_LEVEL = "-Onone";
				SWIFT_VERSION = 5.0;
				TARGETED_DEVICE_FAMILY = "1,2";
			};
			name = Debug;
		};
		AA0000900000000000000002 /* Release */ = {
			isa = XCBuildConfiguration;
			buildSettings = {
				ALWAYS_SEARCH_USER_PATHS = NO;
				CLANG_ANALYZER_NONNULL = YES;
				CLANG_ANALYZER_NUMBER_OBJECT_CONVERSION = YES_AGGRESSIVE;
				CLANG_CXX_LANGUAGE_STANDARD = "gnu++20";
				CLANG_ENABLE_MODULES = YES;
				CLANG_ENABLE_OBJC_ARC = YES;
				CLANG_ENABLE_OBJC_WEAK = YES;
				CLANG_WARN_BLOCK_CAPTURE_AUTORELEASING = YES;
				CLANG_WARN_BOOL_CONVERSION = YES;
				CLANG_WARN_COMMA = YES;
				CLANG_WARN_CONSTANT_CONVERSION = YES;
				CLANG_WARN_DEPRECATED_OBJC_IMPLEMENTATIONS = YES;
				CLANG_WARN_DIRECT_OBJC_ISA_USAGE = YES_ERROR;
				CLANG_WARN_DOCUMENTATION_COMMENTS = YES;
				CLANG_WARN_EMPTY_BODY = YES;
				CLANG_WARN_ENUM_CONVERSION = YES;
				CLANG_WARN_INFINITE_RECURSION = YES;
				CLANG_WARN_INT_CONVERSION = YES;
				CLANG_WARN_NON_LITERAL_NULL_CONVERSION = YES;
				CLANG_WARN_OBJC_IMPLICIT_RETAIN_SELF = YES;
				CLANG_WARN_OBJC_LITERAL_CONVERSION = YES;
				CLANG_WARN_OBJC_ROOT_CLASS = YES_ERROR;
				CLANG_WARN_QUOTED_INCLUDE_IN_FRAMEWORK_HEADER = YES;
				CLANG_WARN_RANGE_LOOP_ANALYSIS = YES;
				CLANG_WARN_STRICT_PROTOTYPES = YES;
				CLANG_WARN_SUSPICIOUS_MOVE = YES;
				CLANG_WARN_UNGUARDED_AVAILABILITY = YES_AGGRESSIVE;
				CODE_SIGN_STYLE = Automatic;
				COPY_PHASE_STRIP = NO;
				ENABLE_NS_ASSERTIONS = NO;
				ENABLE_STRICT_OBJC_MSGSEND = YES;
				GCC_C_LANGUAGE_STANDARD = gnu11;
				GCC_NO_COMMON_BLOCKS = YES;
				GCC_WARN_64_TO_32_BIT_CONVERSION = YES;
				GCC_WARN_ABOUT_RETURN_TYPE = YES_ERROR;
				GCC_WARN_UNDECLARED_SELECTOR = YES;
				GCC_WARN_UNINITIALIZED_AUTOS = YES_AGGRESSIVE;
				GCC_WARN_UNUSED_FUNCTION = YES;
				GCC_WARN_UNUSED_VARIABLE = YES;
				IPHONEOS_DEPLOYMENT_TARGET = 15.0;
				MTL_ENABLE_DEBUG_INFO = NO;
				SWIFT_COMPILATION_MODE = wholemodule;
				SWIFT_OPTIMIZATION_LEVEL = "-O";
				SWIFT_VERSION = 5.0;
				TARGETED_DEVICE_FAMILY = "1,2";
			};
			name = Release;
		};
		AA0000900000000000000003 /* Debug */ = {
			isa = XCBuildConfiguration;
			baseConfigurationReference = BE9A9DFE18B2E2BA8B0BADD6 /* Pods-GeoDropIOS.debug.xcconfig */;
			buildSettings = {
				ASSETCATALOG_COMPILER_APPICON_NAME = AppIcon;
				CODE_SIGN_STYLE = Automatic;
				CURRENT_PROJECT_VERSION = 1;
				INFOPLIST_FILE = GeoDropIOS/Info.plist;
				IPHONEOS_DEPLOYMENT_TARGET = 15.0;
				LD_RUNPATH_SEARCH_PATHS = (
					"$(inherited)",
					"@executable_path/Frameworks",
				);
				PRODUCT_BUNDLE_IDENTIFIER = com.e3hi.geodrop.ios;
				PRODUCT_NAME = "$(TARGET_NAME)";
				SUPPORTED_PLATFORMS = "iphoneos iphonesimulator";
				SUPPORTS_MACCATALYST = NO;
				SWIFT_VERSION = 5.0;
				TARGETED_DEVICE_FAMILY = "1,2";
			};
			name = Debug;
		};
		AA0000900000000000000004 /* Release */ = {
			isa = XCBuildConfiguration;
			baseConfigurationReference = B0D1EE3ABB4BAECCCEC24F88 /* Pods-GeoDropIOS.release.xcconfig */;
			buildSettings = {
				ASSETCATALOG_COMPILER_APPICON_NAME = AppIcon;
				CODE_SIGN_STYLE = Automatic;
				CURRENT_PROJECT_VERSION = 1;
				INFOPLIST_FILE = GeoDropIOS/Info.plist;
				IPHONEOS_DEPLOYMENT_TARGET = 15.0;
				LD_RUNPATH_SEARCH_PATHS = (
					"$(inherited)",
					"@executable_path/Frameworks",
				);
				PRODUCT_BUNDLE_IDENTIFIER = com.e3hi.geodrop.ios;
				PRODUCT_NAME = "$(TARGET_NAME)";
				SUPPORTED_PLATFORMS = "iphoneos iphonesimulator";
				SUPPORTS_MACCATALYST = NO;
				SWIFT_VERSION = 5.0;
				TARGETED_DEVICE_FAMILY = "1,2";
			};
			name = Release;
		};
/* End XCBuildConfiguration section */

/* Begin XCConfigurationList section */
		AA0000700000000000000001 /* Build configuration list for PBXNativeTarget "GeoDropIOS" */ = {
			isa = XCConfigurationList;
			buildConfigurations = (
				AA0000900000000000000003 /* Debug */,
				AA0000900000000000000004 /* Release */,
			);
			defaultConfigurationIsVisible = 0;
			defaultConfigurationName = Release;
		};
		AA0000800000000000000001 /* Build configuration list for PBXProject "GeoDropIOS" */ = {
			isa = XCConfigurationList;
			buildConfigurations = (
				AA0000900000000000000001 /* Debug */,
				AA0000900000000000000002 /* Release */,
			);
			defaultConfigurationIsVisible = 0;
			defaultConfigurationName = Release;
		};
/* End XCConfigurationList section */
	};
	rootObject = AA0000600000000000000001 /* Project object */;
}
